// !$*UTF8*$!
{
	archiveVersion = 1;
	classes = {
	};
	objectVersion = 50;
	objects = {

/* Begin PBXBuildFile section */
		4F11695521C8052100288424 /* AppDelegate.swift in Sources */ = {isa = PBXBuildFile; fileRef = 4F11695421C8052100288424 /* AppDelegate.swift */; };
		4F11695721C8052100288424 /* ViewController.swift in Sources */ = {isa = PBXBuildFile; fileRef = 4F11695621C8052100288424 /* ViewController.swift */; };
		4F11695A21C8052100288424 /* Main.storyboard in Resources */ = {isa = PBXBuildFile; fileRef = 4F11695821C8052100288424 /* Main.storyboard */; };
		4F11695C21C8052200288424 /* Assets.xcassets in Resources */ = {isa = PBXBuildFile; fileRef = 4F11695B21C8052200288424 /* Assets.xcassets */; };
		4F11695F21C8052200288424 /* LaunchScreen.storyboard in Resources */ = {isa = PBXBuildFile; fileRef = 4F11695D21C8052200288424 /* LaunchScreen.storyboard */; };
		BA24E55B75BE28BC8F7DD7A7 /* Pods_HoldMyCoffeeiOS.framework in Frameworks */ = {isa = PBXBuildFile; fileRef = 6966FA0744D86968BF9DACA2 /* Pods_HoldMyCoffeeiOS.framework */; };
/* End PBXBuildFile section */

/* Begin PBXFileReference section */
		49B7C71429B62A2502302EF9 /* Pods-HoldMyCoffeeiOS.release.xcconfig */ = {isa = PBXFileReference; includeInIndex = 1; lastKnownFileType = text.xcconfig; name = "Pods-HoldMyCoffeeiOS.release.xcconfig"; path = "Pods/Target Support Files/Pods-HoldMyCoffeeiOS/Pods-HoldMyCoffeeiOS.release.xcconfig"; sourceTree = "<group>"; };
		4F11695121C8052100288424 /* HoldMyCoffeeiOS.app */ = {isa = PBXFileReference; explicitFileType = wrapper.application; includeInIndex = 0; path = HoldMyCoffeeiOS.app; sourceTree = BUILT_PRODUCTS_DIR; };
		4F11695421C8052100288424 /* AppDelegate.swift */ = {isa = PBXFileReference; lastKnownFileType = sourcecode.swift; path = AppDelegate.swift; sourceTree = "<group>"; };
		4F11695621C8052100288424 /* ViewController.swift */ = {isa = PBXFileReference; lastKnownFileType = sourcecode.swift; path = ViewController.swift; sourceTree = "<group>"; };
		4F11695921C8052100288424 /* Base */ = {isa = PBXFileReference; lastKnownFileType = file.storyboard; name = Base; path = Base.lproj/Main.storyboard; sourceTree = "<group>"; };
		4F11695B21C8052200288424 /* Assets.xcassets */ = {isa = PBXFileReference; lastKnownFileType = folder.assetcatalog; path = Assets.xcassets; sourceTree = "<group>"; };
		4F11695E21C8052200288424 /* Base */ = {isa = PBXFileReference; lastKnownFileType = file.storyboard; name = Base; path = Base.lproj/LaunchScreen.storyboard; sourceTree = "<group>"; };
		4F11696021C8052200288424 /* Info.plist */ = {isa = PBXFileReference; lastKnownFileType = text.plist.xml; path = Info.plist; sourceTree = "<group>"; };
		6966FA0744D86968BF9DACA2 /* Pods_HoldMyCoffeeiOS.framework */ = {isa = PBXFileReference; explicitFileType = wrapper.framework; includeInIndex = 0; path = Pods_HoldMyCoffeeiOS.framework; sourceTree = BUILT_PRODUCTS_DIR; };
		C69E0E6C71AB2D3428DC6067 /* Pods-HoldMyCoffeeiOS.debug.xcconfig */ = {isa = PBXFileReference; includeInIndex = 1; lastKnownFileType = text.xcconfig; name = "Pods-HoldMyCoffeeiOS.debug.xcconfig"; path = "Pods/Target Support Files/Pods-HoldMyCoffeeiOS/Pods-HoldMyCoffeeiOS.debug.xcconfig"; sourceTree = "<group>"; };
/* End PBXFileReference section */

/* Begin PBXFrameworksBuildPhase section */
		4F11694E21C8052100288424 /* Frameworks */ = {
			isa = PBXFrameworksBuildPhase;
			buildActionMask = 2147483647;
			files = (
				BA24E55B75BE28BC8F7DD7A7 /* Pods_HoldMyCoffeeiOS.framework in Frameworks */,
			);
			runOnlyForDeploymentPostprocessing = 0;
		};
/* End PBXFrameworksBuildPhase section */

/* Begin PBXGroup section */
		01EB139CAC1AB1767B8395FE /* Frameworks */ = {
			isa = PBXGroup;
			children = (
				6966FA0744D86968BF9DACA2 /* Pods_HoldMyCoffeeiOS.framework */,
			);
			name = Frameworks;
			sourceTree = "<group>";
		};
		40A21D56983526A876718C7F /* Pods */ = {
			isa = PBXGroup;
			children = (
				C69E0E6C71AB2D3428DC6067 /* Pods-HoldMyCoffeeiOS.debug.xcconfig */,
				49B7C71429B62A2502302EF9 /* Pods-HoldMyCoffeeiOS.release.xcconfig */,
			);
			name = Pods;
			sourceTree = "<group>";
		};
		4F11694821C8052100288424 = {
			isa = PBXGroup;
			children = (
				4F11695321C8052100288424 /* HoldMyCoffeeiOS */,
				4F11695221C8052100288424 /* Products */,
				40A21D56983526A876718C7F /* Pods */,
				01EB139CAC1AB1767B8395FE /* Frameworks */,
			);
			sourceTree = "<group>";
		};
		4F11695221C8052100288424 /* Products */ = {
			isa = PBXGroup;
			children = (
				4F11695121C8052100288424 /* HoldMyCoffeeiOS.app */,
			);
			name = Products;
			sourceTree = "<group>";
		};
		4F11695321C8052100288424 /* HoldMyCoffeeiOS */ = {
			isa = PBXGroup;
			children = (
				4F11695421C8052100288424 /* AppDelegate.swift */,
				4F11695621C8052100288424 /* ViewController.swift */,
				4F11695821C8052100288424 /* Main.storyboard */,
				4F11695B21C8052200288424 /* Assets.xcassets */,
				4F11695D21C8052200288424 /* LaunchScreen.storyboard */,
				4F11696021C8052200288424 /* Info.plist */,
			);
			path = HoldMyCoffeeiOS;
			sourceTree = "<group>";
		};
/* End PBXGroup section */

/* Begin PBXNativeTarget section */
		4F11695021C8052100288424 /* HoldMyCoffeeiOS */ = {
			isa = PBXNativeTarget;
			buildConfigurationList = 4F11696321C8052200288424 /* Build configuration list for PBXNativeTarget "HoldMyCoffeeiOS" */;
			buildPhases = (
				03BBCE7684DD6486C2498284 /* [CP] Check Pods Manifest.lock */,
				4F11694D21C8052100288424 /* Sources */,
				4F11694E21C8052100288424 /* Frameworks */,
				4F11694F21C8052100288424 /* Resources */,
				357B3E9B61AD7C9E5DAF9F4B /* [CP] Embed Pods Frameworks */,
			);
			buildRules = (
			);
			dependencies = (
			);
			name = HoldMyCoffeeiOS;
			productName = HoldMyCoffeeiOS;
			productReference = 4F11695121C8052100288424 /* HoldMyCoffeeiOS.app */;
			productType = "com.apple.product-type.application";
		};
/* End PBXNativeTarget section */

/* Begin PBXProject section */
		4F11694921C8052100288424 /* Project object */ = {
			isa = PBXProject;
			attributes = {
				LastSwiftUpdateCheck = 1010;
				LastUpgradeCheck = 1010;
				ORGANIZATIONNAME = phillip;
				TargetAttributes = {
					4F11695021C8052100288424 = {
						CreatedOnToolsVersion = 10.1;
					};
				};
			};
			buildConfigurationList = 4F11694C21C8052100288424 /* Build configuration list for PBXProject "HoldMyCoffeeiOS" */;
			compatibilityVersion = "Xcode 9.3";
			developmentRegion = en;
			hasScannedForEncodings = 0;
			knownRegions = (
				en,
				Base,
			);
			mainGroup = 4F11694821C8052100288424;
			productRefGroup = 4F11695221C8052100288424 /* Products */;
			projectDirPath = "";
			projectRoot = "";
			targets = (
				4F11695021C8052100288424 /* HoldMyCoffeeiOS */,
			);
		};
/* End PBXProject section */

/* Begin PBXResourcesBuildPhase section */
		4F11694F21C8052100288424 /* Resources */ = {
			isa = PBXResourcesBuildPhase;
			buildActionMask = 2147483647;
			files = (
				4F11695F21C8052200288424 /* LaunchScreen.storyboard in Resources */,
				4F11695C21C8052200288424 /* Assets.xcassets in Resources */,
				4F11695A21C8052100288424 /* Main.storyboard in Resources */,
			);
			runOnlyForDeploymentPostprocessing = 0;
		};
/* End PBXResourcesBuildPhase section */

/* Begin PBXShellScriptBuildPhase section */
		03BBCE7684DD6486C2498284 /* [CP] Check Pods Manifest.lock */ = {
			isa = PBXShellScriptBuildPhase;
			buildActionMask = 2147483647;
			files = (
			);
			inputFileListPaths = (
			);
			inputPaths = (
				"${PODS_PODFILE_DIR_PATH}/Podfile.lock",
				"${PODS_ROOT}/Manifest.lock",
			);
			name = "[CP] Check Pods Manifest.lock";
			outputFileListPaths = (
			);
			outputPaths = (
				"$(DERIVED_FILE_DIR)/Pods-HoldMyCoffeeiOS-checkManifestLockResult.txt",
			);
			runOnlyForDeploymentPostprocessing = 0;
			shellPath = /bin/sh;
			shellScript = "diff \"${PODS_PODFILE_DIR_PATH}/Podfile.lock\" \"${PODS_ROOT}/Manifest.lock\" > /dev/null\nif [ $? != 0 ] ; then\n    # print error to STDERR\n    echo \"error: The sandbox is not in sync with the Podfile.lock. Run 'pod install' or update your CocoaPods installation.\" >&2\n    exit 1\nfi\n# This output is used by Xcode 'outputs' to avoid re-running this script phase.\necho \"SUCCESS\" > \"${SCRIPT_OUTPUT_FILE_0}\"\n";
			showEnvVarsInLog = 0;
		};
		357B3E9B61AD7C9E5DAF9F4B /* [CP] Embed Pods Frameworks */ = {
			isa = PBXShellScriptBuildPhase;
			buildActionMask = 2147483647;
			files = (
			);
			inputFileListPaths = (
			);
			inputPaths = (
				"${SRCROOT}/Pods/Target Support Files/Pods-HoldMyCoffeeiOS/Pods-HoldMyCoffeeiOS-frameworks.sh",
				"${BUILT_PRODUCTS_DIR}/Hero/Hero.framework",
				"${BUILT_PRODUCTS_DIR}/SnapKit/SnapKit.framework",
				"${BUILT_PRODUCTS_DIR}/SwiftyJSON/SwiftyJSON.framework",
				"${BUILT_PRODUCTS_DIR}/SwiftySound/SwiftySound.framework",
			);
			name = "[CP] Embed Pods Frameworks";
			outputFileListPaths = (
			);
			outputPaths = (
				"${TARGET_BUILD_DIR}/${FRAMEWORKS_FOLDER_PATH}/Hero.framework",
				"${TARGET_BUILD_DIR}/${FRAMEWORKS_FOLDER_PATH}/SnapKit.framework",
				"${TARGET_BUILD_DIR}/${FRAMEWORKS_FOLDER_PATH}/SwiftyJSON.framework",
				"${TARGET_BUILD_DIR}/${FRAMEWORKS_FOLDER_PATH}/SwiftySound.framework",
			);
			runOnlyForDeploymentPostprocessing = 0;
			shellPath = /bin/sh;
			shellScript = "\"${SRCROOT}/Pods/Target Support Files/Pods-HoldMyCoffeeiOS/Pods-HoldMyCoffeeiOS-frameworks.sh\"\n";
			showEnvVarsInLog = 0;
		};
/* End PBXShellScriptBuildPhase section */

/* Begin PBXSourcesBuildPhase section */
		4F11694D21C8052100288424 /* Sources */ = {
			isa = PBXSourcesBuildPhase;
			buildActionMask = 2147483647;
			files = (
				4F11695721C8052100288424 /* ViewController.swift in Sources */,
				4F11695521C8052100288424 /* AppDelegate.swift in Sources */,
			);
			runOnlyForDeploymentPostprocessing = 0;
		};
/* End PBXSourcesBuildPhase section */

/* Begin PBXVariantGroup section */
		4F11695821C8052100288424 /* Main.storyboard */ = {
			isa = PBXVariantGroup;
			children = (
				4F11695921C8052100288424 /* Base */,
			);
			name = Main.storyboard;
			sourceTree = "<group>";
		};
		4F11695D21C8052200288424 /* LaunchScreen.storyboard */ = {
			isa = PBXVariantGroup;
			children = (
				4F11695E21C8052200288424 /* Base */,
			);
			name = LaunchScreen.storyboard;
			sourceTree = "<group>";
		};
/* End PBXVariantGroup section */

/* Begin XCBuildConfiguration section */
		4F11696121C8052200288424 /* Debug */ = {
			isa = XCBuildConfiguration;
			buildSettings = {
				ALWAYS_SEARCH_USER_PATHS = NO;
				CLANG_ANALYZER_NONNULL = YES;
				CLANG_ANALYZER_NUMBER_OBJECT_CONVERSION = YES_AGGRESSIVE;
				CLANG_CXX_LANGUAGE_STANDARD = "gnu++14";
				CLANG_CXX_LIBRARY = "libc++";
				CLANG_ENABLE_MODULES = YES;
				CLANG_ENABLE_OBJC_ARC = YES;
				CLANG_ENABLE_OBJC_WEAK = YES;
				CLANG_WARN_BLOCK_CAPTURE_AUTORELEASING = YES;
				CLANG_WARN_BOOL_CONVERSION = YES;
				CLANG_WARN_COMMA = YES;
				CLANG_WARN_CONSTANT_CONVERSION = YES;
				CLANG_WARN_DEPRECATED_OBJC_IMPLEMENTATIONS = YES;
				CLANG_WARN_DIRECT_OBJC_ISA_USAGE = YES_ERROR;
				CLANG_WARN_DOCUMENTATION_COMMENTS = YES;
				CLANG_WARN_EMPTY_BODY = YES;
				CLANG_WARN_ENUM_CONVERSION = YES;
				CLANG_WARN_INFINITE_RECURSION = YES;
				CLANG_WARN_INT_CONVERSION = YES;
				CLANG_WARN_NON_LITERAL_NULL_CONVERSION = YES;
				CLANG_WARN_OBJC_IMPLICIT_RETAIN_SELF = YES;
				CLANG_WARN_OBJC_LITERAL_CONVERSION = YES;
				CLANG_WARN_OBJC_ROOT_CLASS = YES_ERROR;
				CLANG_WARN_RANGE_LOOP_ANALYSIS = YES;
				CLANG_WARN_STRICT_PROTOTYPES = YES;
				CLANG_WARN_SUSPICIOUS_MOVE = YES;
				CLANG_WARN_UNGUARDED_AVAILABILITY = YES_AGGRESSIVE;
				CLANG_WARN_UNREACHABLE_CODE = YES;
				CLANG_WARN__DUPLICATE_METHOD_MATCH = YES;
				CODE_SIGN_IDENTITY = "iPhone Developer";
				COPY_PHASE_STRIP = NO;
				DEBUG_INFORMATION_FORMAT = dwarf;
				ENABLE_STRICT_OBJC_MSGSEND = YES;
				ENABLE_TESTABILITY = YES;
				GCC_C_LANGUAGE_STANDARD = gnu11;
				GCC_DYNAMIC_NO_PIC = NO;
				GCC_NO_COMMON_BLOCKS = YES;
				GCC_OPTIMIZATION_LEVEL = 0;
				GCC_PREPROCESSOR_DEFINITIONS = (
					"DEBUG=1",
					"$(inherited)",
				);
				GCC_WARN_64_TO_32_BIT_CONVERSION = YES;
				GCC_WARN_ABOUT_RETURN_TYPE = YES_ERROR;
				GCC_WARN_UNDECLARED_SELECTOR = YES;
				GCC_WARN_UNINITIALIZED_AUTOS = YES_AGGRESSIVE;
				GCC_WARN_UNUSED_FUNCTION = YES;
				GCC_WARN_UNUSED_VARIABLE = YES;
				IPHONEOS_DEPLOYMENT_TARGET = 12.1;
				MTL_ENABLE_DEBUG_INFO = INCLUDE_SOURCE;
				MTL_FAST_MATH = YES;
				ONLY_ACTIVE_ARCH = YES;
				SDKROOT = iphoneos;
				SWIFT_ACTIVE_COMPILATION_CONDITIONS = DEBUG;
				SWIFT_OPTIMIZATION_LEVEL = "-Onone";
			};
			name = Debug;
		};
		4F11696221C8052200288424 /* Release */ = {
			isa = XCBuildConfiguration;
			buildSettings = {
				ALWAYS_SEARCH_USER_PATHS = NO;
				CLANG_ANALYZER_NONNULL = YES;
				CLANG_ANALYZER_NUMBER_OBJECT_CONVERSION = YES_AGGRESSIVE;
				CLANG_CXX_LANGUAGE_STANDARD = "gnu++14";
				CLANG_CXX_LIBRARY = "libc++";
				CLANG_ENABLE_MODULES = YES;
				CLANG_ENABLE_OBJC_ARC = YES;
				CLANG_ENABLE_OBJC_WEAK = YES;
				CLANG_WARN_BLOCK_CAPTURE_AUTORELEASING = YES;
				CLANG_WARN_BOOL_CONVERSION = YES;
				CLANG_WARN_COMMA = YES;
				CLANG_WARN_CONSTANT_CONVERSION = YES;
				CLANG_WARN_DEPRECATED_OBJC_IMPLEMENTATIONS = YES;
				CLANG_WARN_DIRECT_OBJC_ISA_USAGE = YES_ERROR;
				CLANG_WARN_DOCUMENTATION_COMMENTS = YES;
				CLANG_WARN_EMPTY_BODY = YES;
				CLANG_WARN_ENUM_CONVERSION = YES;
				CLANG_WARN_INFINITE_RECURSION = YES;
				CLANG_WARN_INT_CONVERSION = YES;
				CLANG_WARN_NON_LITERAL_NULL_CONVERSION = YES;
				CLANG_WARN_OBJC_IMPLICIT_RETAIN_SELF = YES;
				CLANG_WARN_OBJC_LITERAL_CONVERSION = YES;
				CLANG_WARN_OBJC_ROOT_CLASS = YES_ERROR;
				CLANG_WARN_RANGE_LOOP_ANALYSIS = YES;
				CLANG_WARN_STRICT_PROTOTYPES = YES;
				CLANG_WARN_SUSPICIOUS_MOVE = YES;
				CLANG_WARN_UNGUARDED_AVAILABILITY = YES_AGGRESSIVE;
				CLANG_WARN_UNREACHABLE_CODE = YES;
				CLANG_WARN__DUPLICATE_METHOD_MATCH = YES;
				CODE_SIGN_IDENTITY = "iPhone Developer";
				COPY_PHASE_STRIP = NO;
				DEBUG_INFORMATION_FORMAT = "dwarf-with-dsym";
				ENABLE_NS_ASSERTIONS = NO;
				ENABLE_STRICT_OBJC_MSGSEND = YES;
				GCC_C_LANGUAGE_STANDARD = gnu11;
				GCC_NO_COMMON_BLOCKS = YES;
				GCC_WARN_64_TO_32_BIT_CONVERSION = YES;
				GCC_WARN_ABOUT_RETURN_TYPE = YES_ERROR;
				GCC_WARN_UNDECLARED_SELECTOR = YES;
				GCC_WARN_UNINITIALIZED_AUTOS = YES_AGGRESSIVE;
				GCC_WARN_UNUSED_FUNCTION = YES;
				GCC_WARN_UNUSED_VARIABLE = YES;
				IPHONEOS_DEPLOYMENT_TARGET = 12.1;
				MTL_ENABLE_DEBUG_INFO = NO;
				MTL_FAST_MATH = YES;
				SDKROOT = iphoneos;
				SWIFT_COMPILATION_MODE = wholemodule;
				SWIFT_OPTIMIZATION_LEVEL = "-O";
				VALIDATE_PRODUCT = YES;
			};
			name = Release;
		};
		4F11696421C8052200288424 /* Debug */ = {
			isa = XCBuildConfiguration;
			baseConfigurationReference = C69E0E6C71AB2D3428DC6067 /* Pods-HoldMyCoffeeiOS.debug.xcconfig */;
			buildSettings = {
				ASSETCATALOG_COMPILER_APPICON_NAME = AppIcon;
				CODE_SIGN_STYLE = Automatic;
				INFOPLIST_FILE = HoldMyCoffeeiOS/Info.plist;
				LD_RUNPATH_SEARCH_PATHS = (
					"$(inherited)",
					"@executable_path/Frameworks",
				);
				PRODUCT_BUNDLE_IDENTIFIER = phil.HoldMyCoffeeiOS;
				PRODUCT_NAME = "$(TARGET_NAME)";
				SWIFT_VERSION = 4.2;
				TARGETED_DEVICE_FAMILY = "1,2";
			};
			name = Debug;
		};
		4F11696521C8052200288424 /* Release */ = {
			isa = XCBuildConfiguration;
			baseConfigurationReference = 49B7C71429B62A2502302EF9 /* Pods-HoldMyCoffeeiOS.release.xcconfig */;
			buildSettings = {
				ASSETCATALOG_COMPILER_APPICON_NAME = AppIcon;
				CODE_SIGN_STYLE = Automatic;
				INFOPLIST_FILE = HoldMyCoffeeiOS/Info.plist;
				LD_RUNPATH_SEARCH_PATHS = (
					"$(inherited)",
					"@executable_path/Frameworks",
				);
				PRODUCT_BUNDLE_IDENTIFIER = phil.HoldMyCoffeeiOS;
				PRODUCT_NAME = "$(TARGET_NAME)";
				SWIFT_VERSION = 4.2;
				TARGETED_DEVICE_FAMILY = "1,2";
			};
			name = Release;
		};
/* End XCBuildConfiguration section */

/* Begin XCConfigurationList section */
		4F11694C21C8052100288424 /* Build configuration list for PBXProject "HoldMyCoffeeiOS" */ = {
			isa = XCConfigurationList;
			buildConfigurations = (
				4F11696121C8052200288424 /* Debug */,
				4F11696221C8052200288424 /* Release */,
			);
			defaultConfigurationIsVisible = 0;
			defaultConfigurationName = Release;
		};
		4F11696321C8052200288424 /* Build configuration list for PBXNativeTarget "HoldMyCoffeeiOS" */ = {
			isa = XCConfigurationList;
			buildConfigurations = (
				4F11696421C8052200288424 /* Debug */,
				4F11696521C8052200288424 /* Release */,
			);
			defaultConfigurationIsVisible = 0;
			defaultConfigurationName = Release;
		};
/* End XCConfigurationList section */
	};
	rootObject = 4F11694921C8052100288424 /* Project object */;
}
